{
  "object": {
    "pins": [
      {
        "package": "cocilib",
        "repositoryURL": "https://github.com/iWECon/cocilib",
        "state": {
          "branch": null,
          "revision": "dd99734438ccd449db168d7d7b1716235f792bd1",
          "version": "1.1.1"
        }
      }
    ]
  },
  "version": 1
}
